
Microsoft Visual Studio Solution File, Format Version 11.00
# Visual C++ Express 2010
Project("{8BC9CEB8-8B4A-11D0-8D11-00A0C91BC942}") = "simmons_jni", "simmons_jni.vcxproj", "{8C604619-9816-982F-B742-DD800226CC0A}"
EndProject
Global
	GlobalSection(SolutionConfigurationPlatforms) = preSolution
		Debug|Win32 = Debug|Win32
		Release|Win32 = Release|Win32
	EndGlobalSection
	GlobalSection(ProjectConfigurationPlatforms) = postSolution
		{8C604619-9816-982F-B742-DD800226CC0A}.Debug|Win32.ActiveCfg = Debug|Win32
		{8C604619-9816-982F-B742-DD800226CC0A}.Debug|Win32.Build.0 = Debug|Win32
		{8C604619-9816-982F-B742-DD800226CC0A}.Release|Win32.ActiveCfg = Release|Win32
		{8C604619-9816-982F-B742-DD800226CC0A}.Release|Win32.Build.0 = Release|Win32
	EndGlobalSection
	GlobalSection(SolutionProperties) = preSolution
		HideSolutionNode = FALSE
	EndGlobalSection
EndGlobal
